
Microsoft Visual Studio Solution File, Format Version 12.00
# Visual Studio Version 17
VisualStudioVersion = 17.2.32602.215
MinimumVisualStudioVersion = 10.0.40219.1
Project("{FAE04EC0-301F-11D3-BF4B-00C04F79EFBC}") = "Test", "Test\Test.csproj", "{014D6B04-2EC2-4D91-903A-2061BC2A3123}"
EndProject
Global
	GlobalSection(SolutionConfigurationPlatforms) = preSolution
		Debug|Any CPU = Debug|Any CPU
		Release|Any CPU = Release|Any CPU
	EndGlobalSection
	GlobalSection(ProjectConfigurationPlatforms) = postSolution
		{014D6B04-2EC2-4D91-903A-2061BC2A3123}.Debug|Any CPU.ActiveCfg = Debug|Any CPU
		{014D6B04-2EC2-4D91-903A-2061BC2A3123}.Debug|Any CPU.Build.0 = Debug|Any CPU
		{014D6B04-2EC2-4D91-903A-2061BC2A3123}.Release|Any CPU.ActiveCfg = Release|Any CPU
		{014D6B04-2EC2-4D91-903A-2061BC2A3123}.Release|Any CPU.Build.0 = Release|Any CPU
	EndGlobalSection
	GlobalSection(SolutionProperties) = preSolution
		HideSolutionNode = FALSE
	EndGlobalSection
	GlobalSection(ExtensibilityGlobals) = postSolution
		SolutionGuid = {C44255F6-BA4B-4899-A4CF-AFE1FA1A6C40}
	EndGlobalSection
EndGlobal
